// !$*UTF8*$!
{
	archiveVersion = 1;
	classes = {
	};
	objectVersion = 51;
	objects = {

/* Begin PBXBuildFile section */
		406CB787F4B960CBED4A8B22 /* Pods_SimpleChatApp.framework in Frameworks */ = {isa = PBXBuildFile; fileRef = 2EB614CE90E59C0C16DCC570 /* Pods_SimpleChatApp.framework */; };
		A58CE9982397763E0046DBCC /* AppDelegate.swift in Sources */ = {isa = PBXBuildFile; fileRef = A58CE9972397763E0046DBCC /* AppDelegate.swift */; };
		A58CE99A2397763E0046DBCC /* SceneDelegate.swift in Sources */ = {isa = PBXBuildFile; fileRef = A58CE9992397763E0046DBCC /* SceneDelegate.swift */; };
		A58CE99F2397763E0046DBCC /* Main.storyboard in Resources */ = {isa = PBXBuildFile; fileRef = A58CE99D2397763E0046DBCC /* Main.storyboard */; };
		A58CE9A1239776420046DBCC /* Assets.xcassets in Resources */ = {isa = PBXBuildFile; fileRef = A58CE9A0239776420046DBCC /* Assets.xcassets */; };
		A58CE9A4239776420046DBCC /* LaunchScreen.storyboard in Resources */ = {isa = PBXBuildFile; fileRef = A58CE9A2239776420046DBCC /* LaunchScreen.storyboard */; };
		A58CE9AC239778270046DBCC /* GoogleService-Info.plist in Resources */ = {isa = PBXBuildFile; fileRef = A58CE9AB239778270046DBCC /* GoogleService-Info.plist */; };
		A58CE9AF239784EE0046DBCC /* RoomViewController.swift in Sources */ = {isa = PBXBuildFile; fileRef = A58CE9AE239784EE0046DBCC /* RoomViewController.swift */; };
		A58CE9B1239784F70046DBCC /* ChatViewController.swift in Sources */ = {isa = PBXBuildFile; fileRef = A58CE9B0239784F70046DBCC /* ChatViewController.swift */; };
		A58CE9B4239785B30046DBCC /* Room.swift in Sources */ = {isa = PBXBuildFile; fileRef = A58CE9B3239785B30046DBCC /* Room.swift */; };
		A58CE9B6239785C00046DBCC /* Message.swift in Sources */ = {isa = PBXBuildFile; fileRef = A58CE9B5239785C00046DBCC /* Message.swift */; };
/* End PBXBuildFile section */

/* Begin PBXFileReference section */
		2EB614CE90E59C0C16DCC570 /* Pods_SimpleChatApp.framework */ = {isa = PBXFileReference; explicitFileType = wrapper.framework; includeInIndex = 0; path = Pods_SimpleChatApp.framework; sourceTree = BUILT_PRODUCTS_DIR; };
		581BAA380138D14513F8734A /* Pods-SimpleChatApp.debug.xcconfig */ = {isa = PBXFileReference; includeInIndex = 1; lastKnownFileType = text.xcconfig; name = "Pods-SimpleChatApp.debug.xcconfig"; path = "Target Support Files/Pods-SimpleChatApp/Pods-SimpleChatApp.debug.xcconfig"; sourceTree = "<group>"; };
		A58CE9942397763E0046DBCC /* SimpleChatApp.app */ = {isa = PBXFileReference; explicitFileType = wrapper.application; includeInIndex = 0; path = SimpleChatApp.app; sourceTree = BUILT_PRODUCTS_DIR; };
		A58CE9972397763E0046DBCC /* AppDelegate.swift */ = {isa = PBXFileReference; lastKnownFileType = sourcecode.swift; path = AppDelegate.swift; sourceTree = "<group>"; };
		A58CE9992397763E0046DBCC /* SceneDelegate.swift */ = {isa = PBXFileReference; lastKnownFileType = sourcecode.swift; path = SceneDelegate.swift; sourceTree = "<group>"; };
		A58CE99E2397763E0046DBCC /* Base */ = {isa = PBXFileReference; lastKnownFileType = file.storyboard; name = Base; path = Base.lproj/Main.storyboard; sourceTree = "<group>"; };
		A58CE9A0239776420046DBCC /* Assets.xcassets */ = {isa = PBXFileReference; lastKnownFileType = folder.assetcatalog; path = Assets.xcassets; sourceTree = "<group>"; };
		A58CE9A3239776420046DBCC /* Base */ = {isa = PBXFileReference; lastKnownFileType = file.storyboard; name = Base; path = Base.lproj/LaunchScreen.storyboard; sourceTree = "<group>"; };
		A58CE9A5239776420046DBCC /* Info.plist */ = {isa = PBXFileReference; lastKnownFileType = text.plist.xml; path = Info.plist; sourceTree = "<group>"; };
		A58CE9AB239778270046DBCC /* GoogleService-Info.plist */ = {isa = PBXFileReference; fileEncoding = 4; lastKnownFileType = text.plist.xml; name = "GoogleService-Info.plist"; path = "../../../Downloads/GoogleService-Info.plist"; sourceTree = "<group>"; };
		A58CE9AE239784EE0046DBCC /* RoomViewController.swift */ = {isa = PBXFileReference; lastKnownFileType = sourcecode.swift; path = RoomViewController.swift; sourceTree = "<group>"; };
		A58CE9B0239784F70046DBCC /* ChatViewController.swift */ = {isa = PBXFileReference; lastKnownFileType = sourcecode.swift; path = ChatViewController.swift; sourceTree = "<group>"; };
		A58CE9B3239785B30046DBCC /* Room.swift */ = {isa = PBXFileReference; lastKnownFileType = sourcecode.swift; path = Room.swift; sourceTree = "<group>"; };
		A58CE9B5239785C00046DBCC /* Message.swift */ = {isa = PBXFileReference; lastKnownFileType = sourcecode.swift; path = Message.swift; sourceTree = "<group>"; };
		CEA5FD59199AC147A4E5AD04 /* Pods-SimpleChatApp.release.xcconfig */ = {isa = PBXFileReference; includeInIndex = 1; lastKnownFileType = text.xcconfig; name = "Pods-SimpleChatApp.release.xcconfig"; path = "Target Support Files/Pods-SimpleChatApp/Pods-SimpleChatApp.release.xcconfig"; sourceTree = "<group>"; };
/* End PBXFileReference section */

/* Begin PBXFrameworksBuildPhase section */
		A58CE9912397763E0046DBCC /* Frameworks */ = {
			isa = PBXFrameworksBuildPhase;
			buildActionMask = 2147483647;
			files = (
				406CB787F4B960CBED4A8B22 /* Pods_SimpleChatApp.framework in Frameworks */,
			);
			runOnlyForDeploymentPostprocessing = 0;
		};
/* End PBXFrameworksBuildPhase section */

/* Begin PBXGroup section */
		0BC4D12F92C74BD753DF2C12 /* Frameworks */ = {
			isa = PBXGroup;
			children = (
				2EB614CE90E59C0C16DCC570 /* Pods_SimpleChatApp.framework */,
			);
			name = Frameworks;
			sourceTree = "<group>";
		};
		3774A943F63FFF3DD4A01359 /* Pods */ = {
			isa = PBXGroup;
			children = (
				581BAA380138D14513F8734A /* Pods-SimpleChatApp.debug.xcconfig */,
				CEA5FD59199AC147A4E5AD04 /* Pods-SimpleChatApp.release.xcconfig */,
			);
			path = Pods;
			sourceTree = "<group>";
		};
		A58CE98B2397763E0046DBCC = {
			isa = PBXGroup;
			children = (
				A58CE9962397763E0046DBCC /* SimpleChatApp */,
				A58CE9952397763E0046DBCC /* Products */,
				3774A943F63FFF3DD4A01359 /* Pods */,
				0BC4D12F92C74BD753DF2C12 /* Frameworks */,
			);
			sourceTree = "<group>";
		};
		A58CE9952397763E0046DBCC /* Products */ = {
			isa = PBXGroup;
			children = (
				A58CE9942397763E0046DBCC /* SimpleChatApp.app */,
			);
			name = Products;
			sourceTree = "<group>";
		};
		A58CE9962397763E0046DBCC /* SimpleChatApp */ = {
			isa = PBXGroup;
			children = (
				A58CE9B22397856A0046DBCC /* Objects */,
				A58CE9AD239784C10046DBCC /* Controllers */,
				A58CE9972397763E0046DBCC /* AppDelegate.swift */,
				A58CE9992397763E0046DBCC /* SceneDelegate.swift */,
				A58CE99D2397763E0046DBCC /* Main.storyboard */,
				A58CE9A0239776420046DBCC /* Assets.xcassets */,
				A58CE9A2239776420046DBCC /* LaunchScreen.storyboard */,
				A58CE9A5239776420046DBCC /* Info.plist */,
				A58CE9AB239778270046DBCC /* GoogleService-Info.plist */,
			);
			path = SimpleChatApp;
			sourceTree = "<group>";
		};
		A58CE9AD239784C10046DBCC /* Controllers */ = {
			isa = PBXGroup;
			children = (
				A58CE9AE239784EE0046DBCC /* RoomViewController.swift */,
				A58CE9B0239784F70046DBCC /* ChatViewController.swift */,
			);
			path = Controllers;
			sourceTree = "<group>";
		};
		A58CE9B22397856A0046DBCC /* Objects */ = {
			isa = PBXGroup;
			children = (
				A58CE9B3239785B30046DBCC /* Room.swift */,
				A58CE9B5239785C00046DBCC /* Message.swift */,
			);
			path = Objects;
			sourceTree = "<group>";
		};
/* End PBXGroup section */

/* Begin PBXNativeTarget section */
		A58CE9932397763E0046DBCC /* SimpleChatApp */ = {
			isa = PBXNativeTarget;
			buildConfigurationList = A58CE9A8239776420046DBCC /* Build configuration list for PBXNativeTarget "SimpleChatApp" */;
			buildPhases = (
				2074A9E52B743EF98104D7EF /* [CP] Check Pods Manifest.lock */,
				A58CE9902397763E0046DBCC /* Sources */,
				A58CE9912397763E0046DBCC /* Frameworks */,
				A58CE9922397763E0046DBCC /* Resources */,
				5A34D01BB5B34646E5F3E0FD /* [CP] Embed Pods Frameworks */,
			);
			buildRules = (
			);
			dependencies = (
			);
			name = SimpleChatApp;
			productName = SimpleChatApp;
			productReference = A58CE9942397763E0046DBCC /* SimpleChatApp.app */;
			productType = "com.apple.product-type.application";
		};
/* End PBXNativeTarget section */

/* Begin PBXProject section */
		A58CE98C2397763E0046DBCC /* Project object */ = {
			isa = PBXProject;
			attributes = {
				LastSwiftUpdateCheck = 1120;
				LastUpgradeCheck = 1120;
				ORGANIZATIONNAME = shunya;
				TargetAttributes = {
					A58CE9932397763E0046DBCC = {
						CreatedOnToolsVersion = 11.2;
					};
				};
			};
			buildConfigurationList = A58CE98F2397763E0046DBCC /* Build configuration list for PBXProject "SimpleChatApp" */;
			compatibilityVersion = "Xcode 9.3";
			developmentRegion = en;
			hasScannedForEncodings = 0;
			knownRegions = (
				en,
				Base,
			);
			mainGroup = A58CE98B2397763E0046DBCC;
			productRefGroup = A58CE9952397763E0046DBCC /* Products */;
			projectDirPath = "";
			projectRoot = "";
			targets = (
				A58CE9932397763E0046DBCC /* SimpleChatApp */,
			);
		};
/* End PBXProject section */

/* Begin PBXResourcesBuildPhase section */
		A58CE9922397763E0046DBCC /* Resources */ = {
			isa = PBXResourcesBuildPhase;
			buildActionMask = 2147483647;
			files = (
				A58CE9A4239776420046DBCC /* LaunchScreen.storyboard in Resources */,
				A58CE9AC239778270046DBCC /* GoogleService-Info.plist in Resources */,
				A58CE9A1239776420046DBCC /* Assets.xcassets in Resources */,
				A58CE99F2397763E0046DBCC /* Main.storyboard in Resources */,
			);
			runOnlyForDeploymentPostprocessing = 0;
		};
/* End PBXResourcesBuildPhase section */

/* Begin PBXShellScriptBuildPhase section */
		2074A9E52B743EF98104D7EF /* [CP] Check Pods Manifest.lock */ = {
			isa = PBXShellScriptBuildPhase;
			buildActionMask = 2147483647;
			files = (
			);
			inputFileListPaths = (
			);
			inputPaths = (
				"${PODS_PODFILE_DIR_PATH}/Podfile.lock",
				"${PODS_ROOT}/Manifest.lock",
			);
			name = "[CP] Check Pods Manifest.lock";
			outputFileListPaths = (
			);
			outputPaths = (
				"$(DERIVED_FILE_DIR)/Pods-SimpleChatApp-checkManifestLockResult.txt",
			);
			runOnlyForDeploymentPostprocessing = 0;
			shellPath = /bin/sh;
			shellScript = "diff \"${PODS_PODFILE_DIR_PATH}/Podfile.lock\" \"${PODS_ROOT}/Manifest.lock\" > /dev/null\nif [ $? != 0 ] ; then\n    # print error to STDERR\n    echo \"error: The sandbox is not in sync with the Podfile.lock. Run 'pod install' or update your CocoaPods installation.\" >&2\n    exit 1\nfi\n# This output is used by Xcode 'outputs' to avoid re-running this script phase.\necho \"SUCCESS\" > \"${SCRIPT_OUTPUT_FILE_0}\"\n";
			showEnvVarsInLog = 0;
		};
		5A34D01BB5B34646E5F3E0FD /* [CP] Embed Pods Frameworks */ = {
			isa = PBXShellScriptBuildPhase;
			buildActionMask = 2147483647;
			files = (
			);
			inputFileListPaths = (
				"${PODS_ROOT}/Target Support Files/Pods-SimpleChatApp/Pods-SimpleChatApp-frameworks-${CONFIGURATION}-input-files.xcfilelist",
			);
			name = "[CP] Embed Pods Frameworks";
			outputFileListPaths = (
				"${PODS_ROOT}/Target Support Files/Pods-SimpleChatApp/Pods-SimpleChatApp-frameworks-${CONFIGURATION}-output-files.xcfilelist",
			);
			runOnlyForDeploymentPostprocessing = 0;
			shellPath = /bin/sh;
			shellScript = "\"${PODS_ROOT}/Target Support Files/Pods-SimpleChatApp/Pods-SimpleChatApp-frameworks.sh\"\n";
			showEnvVarsInLog = 0;
		};
/* End PBXShellScriptBuildPhase section */

/* Begin PBXSourcesBuildPhase section */
		A58CE9902397763E0046DBCC /* Sources */ = {
			isa = PBXSourcesBuildPhase;
			buildActionMask = 2147483647;
			files = (
				A58CE9AF239784EE0046DBCC /* RoomViewController.swift in Sources */,
				A58CE9982397763E0046DBCC /* AppDelegate.swift in Sources */,
				A58CE9B1239784F70046DBCC /* ChatViewController.swift in Sources */,
				A58CE9B6239785C00046DBCC /* Message.swift in Sources */,
				A58CE99A2397763E0046DBCC /* SceneDelegate.swift in Sources */,
				A58CE9B4239785B30046DBCC /* Room.swift in Sources */,
			);
			runOnlyForDeploymentPostprocessing = 0;
		};
/* End PBXSourcesBuildPhase section */

/* Begin PBXVariantGroup section */
		A58CE99D2397763E0046DBCC /* Main.storyboard */ = {
			isa = PBXVariantGroup;
			children = (
				A58CE99E2397763E0046DBCC /* Base */,
			);
			name = Main.storyboard;
			sourceTree = "<group>";
		};
		A58CE9A2239776420046DBCC /* LaunchScreen.storyboard */ = {
			isa = PBXVariantGroup;
			children = (
				A58CE9A3239776420046DBCC /* Base */,
			);
			name = LaunchScreen.storyboard;
			sourceTree = "<group>";
		};
/* End PBXVariantGroup section */

/* Begin XCBuildConfiguration section */
		A58CE9A6239776420046DBCC /* Debug */ = {
			isa = XCBuildConfiguration;
			buildSettings = {
				ALWAYS_SEARCH_USER_PATHS = NO;
				CLANG_ANALYZER_NONNULL = YES;
				CLANG_ANALYZER_NUMBER_OBJECT_CONVERSION = YES_AGGRESSIVE;
				CLANG_CXX_LANGUAGE_STANDARD = "gnu++14";
				CLANG_CXX_LIBRARY = "libc++";
				CLANG_ENABLE_MODULES = YES;
				CLANG_ENABLE_OBJC_ARC = YES;
				CLANG_ENABLE_OBJC_WEAK = YES;
				CLANG_WARN_BLOCK_CAPTURE_AUTORELEASING = YES;
				CLANG_WARN_BOOL_CONVERSION = YES;
				CLANG_WARN_COMMA = YES;
				CLANG_WARN_CONSTANT_CONVERSION = YES;
				CLANG_WARN_DEPRECATED_OBJC_IMPLEMENTATIONS = YES;
				CLANG_WARN_DIRECT_OBJC_ISA_USAGE = YES_ERROR;
				CLANG_WARN_DOCUMENTATION_COMMENTS = YES;
				CLANG_WARN_EMPTY_BODY = YES;
				CLANG_WARN_ENUM_CONVERSION = YES;
				CLANG_WARN_INFINITE_RECURSION = YES;
				CLANG_WARN_INT_CONVERSION = YES;
				CLANG_WARN_NON_LITERAL_NULL_CONVERSION = YES;
				CLANG_WARN_OBJC_IMPLICIT_RETAIN_SELF = YES;
				CLANG_WARN_OBJC_LITERAL_CONVERSION = YES;
				CLANG_WARN_OBJC_ROOT_CLASS = YES_ERROR;
				CLANG_WARN_RANGE_LOOP_ANALYSIS = YES;
				CLANG_WARN_STRICT_PROTOTYPES = YES;
				CLANG_WARN_SUSPICIOUS_MOVE = YES;
				CLANG_WARN_UNGUARDED_AVAILABILITY = YES_AGGRESSIVE;
				CLANG_WARN_UNREACHABLE_CODE = YES;
				CLANG_WARN__DUPLICATE_METHOD_MATCH = YES;
				COPY_PHASE_STRIP = NO;
				DEBUG_INFORMATION_FORMAT = dwarf;
				ENABLE_STRICT_OBJC_MSGSEND = YES;
				ENABLE_TESTABILITY = YES;
				GCC_C_LANGUAGE_STANDARD = gnu11;
				GCC_DYNAMIC_NO_PIC = NO;
				GCC_NO_COMMON_BLOCKS = YES;
				GCC_OPTIMIZATION_LEVEL = 0;
				GCC_PREPROCESSOR_DEFINITIONS = (
					"DEBUG=1",
					"$(inherited)",
				);
				GCC_WARN_64_TO_32_BIT_CONVERSION = YES;
				GCC_WARN_ABOUT_RETURN_TYPE = YES_ERROR;
				GCC_WARN_UNDECLARED_SELECTOR = YES;
				GCC_WARN_UNINITIALIZED_AUTOS = YES_AGGRESSIVE;
				GCC_WARN_UNUSED_FUNCTION = YES;
				GCC_WARN_UNUSED_VARIABLE = YES;
				IPHONEOS_DEPLOYMENT_TARGET = 13.2;
				MTL_ENABLE_DEBUG_INFO = INCLUDE_SOURCE;
				MTL_FAST_MATH = YES;
				ONLY_ACTIVE_ARCH = YES;
				SDKROOT = iphoneos;
				SWIFT_ACTIVE_COMPILATION_CONDITIONS = DEBUG;
				SWIFT_OPTIMIZATION_LEVEL = "-Onone";
			};
			name = Debug;
		};
		A58CE9A7239776420046DBCC /* Release */ = {
			isa = XCBuildConfiguration;
			buildSettings = {
				ALWAYS_SEARCH_USER_PATHS = NO;
				CLANG_ANALYZER_NONNULL = YES;
				CLANG_ANALYZER_NUMBER_OBJECT_CONVERSION = YES_AGGRESSIVE;
				CLANG_CXX_LANGUAGE_STANDARD = "gnu++14";
				CLANG_CXX_LIBRARY = "libc++";
				CLANG_ENABLE_MODULES = YES;
				CLANG_ENABLE_OBJC_ARC = YES;
				CLANG_ENABLE_OBJC_WEAK = YES;
				CLANG_WARN_BLOCK_CAPTURE_AUTORELEASING = YES;
				CLANG_WARN_BOOL_CONVERSION = YES;
				CLANG_WARN_COMMA = YES;
				CLANG_WARN_CONSTANT_CONVERSION = YES;
				CLANG_WARN_DEPRECATED_OBJC_IMPLEMENTATIONS = YES;
				CLANG_WARN_DIRECT_OBJC_ISA_USAGE = YES_ERROR;
				CLANG_WARN_DOCUMENTATION_COMMENTS = YES;
				CLANG_WARN_EMPTY_BODY = YES;
				CLANG_WARN_ENUM_CONVERSION = YES;
				CLANG_WARN_INFINITE_RECURSION = YES;
				CLANG_WARN_INT_CONVERSION = YES;
				CLANG_WARN_NON_LITERAL_NULL_CONVERSION = YES;
				CLANG_WARN_OBJC_IMPLICIT_RETAIN_SELF = YES;
				CLANG_WARN_OBJC_LITERAL_CONVERSION = YES;
				CLANG_WARN_OBJC_ROOT_CLASS = YES_ERROR;
				CLANG_WARN_RANGE_LOOP_ANALYSIS = YES;
				CLANG_WARN_STRICT_PROTOTYPES = YES;
				CLANG_WARN_SUSPICIOUS_MOVE = YES;
				CLANG_WARN_UNGUARDED_AVAILABILITY = YES_AGGRESSIVE;
				CLANG_WARN_UNREACHABLE_CODE = YES;
				CLANG_WARN__DUPLICATE_METHOD_MATCH = YES;
				COPY_PHASE_STRIP = NO;
				DEBUG_INFORMATION_FORMAT = "dwarf-with-dsym";
				ENABLE_NS_ASSERTIONS = NO;
				ENABLE_STRICT_OBJC_MSGSEND = YES;
				GCC_C_LANGUAGE_STANDARD = gnu11;
				GCC_NO_COMMON_BLOCKS = YES;
				GCC_WARN_64_TO_32_BIT_CONVERSION = YES;
				GCC_WARN_ABOUT_RETURN_TYPE = YES_ERROR;
				GCC_WARN_UNDECLARED_SELECTOR = YES;
				GCC_WARN_UNINITIALIZED_AUTOS = YES_AGGRESSIVE;
				GCC_WARN_UNUSED_FUNCTION = YES;
				GCC_WARN_UNUSED_VARIABLE = YES;
				IPHONEOS_DEPLOYMENT_TARGET = 13.2;
				MTL_ENABLE_DEBUG_INFO = NO;
				MTL_FAST_MATH = YES;
				SDKROOT = iphoneos;
				SWIFT_COMPILATION_MODE = wholemodule;
				SWIFT_OPTIMIZATION_LEVEL = "-O";
				VALIDATE_PRODUCT = YES;
			};
			name = Release;
		};
		A58CE9A9239776420046DBCC /* Debug */ = {
			isa = XCBuildConfiguration;
			baseConfigurationReference = 581BAA380138D14513F8734A /* Pods-SimpleChatApp.debug.xcconfig */;
			buildSettings = {
				ASSETCATALOG_COMPILER_APPICON_NAME = AppIcon;
				CODE_SIGN_STYLE = Automatic;
				DEVELOPMENT_TEAM = 3H4446LYM6;
				INFOPLIST_FILE = SimpleChatApp/Info.plist;
				LD_RUNPATH_SEARCH_PATHS = (
					"$(inherited)",
					"@executable_path/Frameworks",
				);
				PRODUCT_BUNDLE_IDENTIFIER = shunyaendoh.work.SimpleChatApp;
				PRODUCT_NAME = "$(TARGET_NAME)";
				SWIFT_VERSION = 5.0;
				TARGETED_DEVICE_FAMILY = "1,2";
			};
			name = Debug;
		};
		A58CE9AA239776420046DBCC /* Release */ = {
			isa = XCBuildConfiguration;
			baseConfigurationReference = CEA5FD59199AC147A4E5AD04 /* Pods-SimpleChatApp.release.xcconfig */;
			buildSettings = {
				ASSETCATALOG_COMPILER_APPICON_NAME = AppIcon;
				CODE_SIGN_STYLE = Automatic;
				DEVELOPMENT_TEAM = 3H4446LYM6;
				INFOPLIST_FILE = SimpleChatApp/Info.plist;
				LD_RUNPATH_SEARCH_PATHS = (
					"$(inherited)",
					"@executable_path/Frameworks",
				);
				PRODUCT_BUNDLE_IDENTIFIER = shunyaendoh.work.SimpleChatApp;
				PRODUCT_NAME = "$(TARGET_NAME)";
				SWIFT_VERSION = 5.0;
				TARGETED_DEVICE_FAMILY = "1,2";
			};
			name = Release;
		};
/* End XCBuildConfiguration section */

/* Begin XCConfigurationList section */
		A58CE98F2397763E0046DBCC /* Build configuration list for PBXProject "SimpleChatApp" */ = {
			isa = XCConfigurationList;
			buildConfigurations = (
				A58CE9A6239776420046DBCC /* Debug */,
				A58CE9A7239776420046DBCC /* Release */,
			);
			defaultConfigurationIsVisible = 0;
			defaultConfigurationName = Release;
		};
		A58CE9A8239776420046DBCC /* Build configuration list for PBXNativeTarget "SimpleChatApp" */ = {
			isa = XCConfigurationList;
			buildConfigurations = (
				A58CE9A9239776420046DBCC /* Debug */,
				A58CE9AA239776420046DBCC /* Release */,
			);
			defaultConfigurationIsVisible = 0;
			defaultConfigurationName = Release;
		};
/* End XCConfigurationList section */
	};
	rootObject = A58CE98C2397763E0046DBCC /* Project object */;
}
